// !$*UTF8*$!
{
	archiveVersion = 1;
	classes = {
	};
	objectVersion = 56;
	objects = {

/* Begin PBXBuildFile section */
		ED396F9528E6E97400BE905E /* AppDelegate.swift in Sources */ = {isa = PBXBuildFile; fileRef = ED396F9428E6E97400BE905E /* AppDelegate.swift */; };
		ED396F9728E6E97400BE905E /* SceneDelegate.swift in Sources */ = {isa = PBXBuildFile; fileRef = ED396F9628E6E97400BE905E /* SceneDelegate.swift */; };
		ED396F9C28E6E97400BE905E /* Main.storyboard in Resources */ = {isa = PBXBuildFile; fileRef = ED396F9A28E6E97400BE905E /* Main.storyboard */; };
		ED396F9E28E6E97500BE905E /* Assets.xcassets in Resources */ = {isa = PBXBuildFile; fileRef = ED396F9D28E6E97500BE905E /* Assets.xcassets */; };
		ED396FA128E6E97500BE905E /* LaunchScreen.storyboard in Resources */ = {isa = PBXBuildFile; fileRef = ED396F9F28E6E97500BE905E /* LaunchScreen.storyboard */; };
		ED396FAC28E6E97500BE905E /* WeatherApp___URLSessionTests.swift in Sources */ = {isa = PBXBuildFile; fileRef = ED396FAB28E6E97500BE905E /* WeatherApp___URLSessionTests.swift */; };
		ED396FB628E6E97500BE905E /* WeatherApp___URLSessionUITests.swift in Sources */ = {isa = PBXBuildFile; fileRef = ED396FB528E6E97500BE905E /* WeatherApp___URLSessionUITests.swift */; };
		ED396FB828E6E97500BE905E /* WeatherApp___URLSessionUITestsLaunchTests.swift in Sources */ = {isa = PBXBuildFile; fileRef = ED396FB728E6E97500BE905E /* WeatherApp___URLSessionUITestsLaunchTests.swift */; };
		ED396FC528E6EC5B00BE905E /* WeatherViewController.swift in Sources */ = {isa = PBXBuildFile; fileRef = ED396FC428E6EC5B00BE905E /* WeatherViewController.swift */; };
/* End PBXBuildFile section */

/* Begin PBXContainerItemProxy section */
		ED396FA828E6E97500BE905E /* PBXContainerItemProxy */ = {
			isa = PBXContainerItemProxy;
			containerPortal = ED396F8928E6E97400BE905E /* Project object */;
			proxyType = 1;
			remoteGlobalIDString = ED396F9028E6E97400BE905E;
			remoteInfo = "WeatherApp - URLSession";
		};
		ED396FB228E6E97500BE905E /* PBXContainerItemProxy */ = {
			isa = PBXContainerItemProxy;
			containerPortal = ED396F8928E6E97400BE905E /* Project object */;
			proxyType = 1;
			remoteGlobalIDString = ED396F9028E6E97400BE905E;
			remoteInfo = "WeatherApp - URLSession";
		};
/* End PBXContainerItemProxy section */

/* Begin PBXFileReference section */
		ED396F9128E6E97400BE905E /* WeatherApp - URLSession.app */ = {isa = PBXFileReference; explicitFileType = wrapper.application; includeInIndex = 0; path = "WeatherApp - URLSession.app"; sourceTree = BUILT_PRODUCTS_DIR; };
		ED396F9428E6E97400BE905E /* AppDelegate.swift */ = {isa = PBXFileReference; lastKnownFileType = sourcecode.swift; path = AppDelegate.swift; sourceTree = "<group>"; };
		ED396F9628E6E97400BE905E /* SceneDelegate.swift */ = {isa = PBXFileReference; lastKnownFileType = sourcecode.swift; path = SceneDelegate.swift; sourceTree = "<group>"; };
		ED396F9B28E6E97400BE905E /* Base */ = {isa = PBXFileReference; lastKnownFileType = file.storyboard; name = Base; path = Base.lproj/Main.storyboard; sourceTree = "<group>"; };
		ED396F9D28E6E97500BE905E /* Assets.xcassets */ = {isa = PBXFileReference; lastKnownFileType = folder.assetcatalog; path = Assets.xcassets; sourceTree = "<group>"; };
		ED396FA028E6E97500BE905E /* Base */ = {isa = PBXFileReference; lastKnownFileType = file.storyboard; name = Base; path = Base.lproj/LaunchScreen.storyboard; sourceTree = "<group>"; };
		ED396FA228E6E97500BE905E /* Info.plist */ = {isa = PBXFileReference; lastKnownFileType = text.plist.xml; path = Info.plist; sourceTree = "<group>"; };
		ED396FA728E6E97500BE905E /* WeatherApp - URLSessionTests.xctest */ = {isa = PBXFileReference; explicitFileType = wrapper.cfbundle; includeInIndex = 0; path = "WeatherApp - URLSessionTests.xctest"; sourceTree = BUILT_PRODUCTS_DIR; };
		ED396FAB28E6E97500BE905E /* WeatherApp___URLSessionTests.swift */ = {isa = PBXFileReference; lastKnownFileType = sourcecode.swift; path = "WeatherApp___URLSessionTests.swift"; sourceTree = "<group>"; };
		ED396FB128E6E97500BE905E /* WeatherApp - URLSessionUITests.xctest */ = {isa = PBXFileReference; explicitFileType = wrapper.cfbundle; includeInIndex = 0; path = "WeatherApp - URLSessionUITests.xctest"; sourceTree = BUILT_PRODUCTS_DIR; };
		ED396FB528E6E97500BE905E /* WeatherApp___URLSessionUITests.swift */ = {isa = PBXFileReference; lastKnownFileType = sourcecode.swift; path = "WeatherApp___URLSessionUITests.swift"; sourceTree = "<group>"; };
		ED396FB728E6E97500BE905E /* WeatherApp___URLSessionUITestsLaunchTests.swift */ = {isa = PBXFileReference; lastKnownFileType = sourcecode.swift; path = "WeatherApp___URLSessionUITestsLaunchTests.swift"; sourceTree = "<group>"; };
		ED396FC428E6EC5B00BE905E /* WeatherViewController.swift */ = {isa = PBXFileReference; lastKnownFileType = sourcecode.swift; path = WeatherViewController.swift; sourceTree = "<group>"; };
/* End PBXFileReference section */

/* Begin PBXFrameworksBuildPhase section */
		ED396F8E28E6E97400BE905E /* Frameworks */ = {
			isa = PBXFrameworksBuildPhase;
			buildActionMask = 2147483647;
			files = (
			);
			runOnlyForDeploymentPostprocessing = 0;
		};
		ED396FA428E6E97500BE905E /* Frameworks */ = {
			isa = PBXFrameworksBuildPhase;
			buildActionMask = 2147483647;
			files = (
			);
			runOnlyForDeploymentPostprocessing = 0;
		};
		ED396FAE28E6E97500BE905E /* Frameworks */ = {
			isa = PBXFrameworksBuildPhase;
			buildActionMask = 2147483647;
			files = (
			);
			runOnlyForDeploymentPostprocessing = 0;
		};
/* End PBXFrameworksBuildPhase section */

/* Begin PBXGroup section */
		ED396F8828E6E97400BE905E = {
			isa = PBXGroup;
			children = (
				ED396FC628E6EE0F00BE905E /* Core */,
				ED396F9328E6E97400BE905E /* WeatherApp - URLSession */,
				ED396FAA28E6E97500BE905E /* WeatherApp - URLSessionTests */,
				ED396FB428E6E97500BE905E /* WeatherApp - URLSessionUITests */,
				ED396F9228E6E97400BE905E /* Products */,
			);
			sourceTree = "<group>";
		};
		ED396F9228E6E97400BE905E /* Products */ = {
			isa = PBXGroup;
			children = (
				ED396F9128E6E97400BE905E /* WeatherApp - URLSession.app */,
				ED396FA728E6E97500BE905E /* WeatherApp - URLSessionTests.xctest */,
				ED396FB128E6E97500BE905E /* WeatherApp - URLSessionUITests.xctest */,
			);
			name = Products;
			sourceTree = "<group>";
		};
		ED396F9328E6E97400BE905E /* WeatherApp - URLSession */ = {
			isa = PBXGroup;
			children = (
				ED396FC428E6EC5B00BE905E /* WeatherViewController.swift */,
				ED396F9A28E6E97400BE905E /* Main.storyboard */,
				ED396F9F28E6E97500BE905E /* LaunchScreen.storyboard */,
				ED396F9D28E6E97500BE905E /* Assets.xcassets */,
				ED396FA228E6E97500BE905E /* Info.plist */,
			);
			path = "WeatherApp - URLSession";
			sourceTree = "<group>";
		};
		ED396FAA28E6E97500BE905E /* WeatherApp - URLSessionTests */ = {
			isa = PBXGroup;
			children = (
				ED396FAB28E6E97500BE905E /* WeatherApp___URLSessionTests.swift */,
			);
			path = "WeatherApp - URLSessionTests";
			sourceTree = "<group>";
		};
		ED396FB428E6E97500BE905E /* WeatherApp - URLSessionUITests */ = {
			isa = PBXGroup;
			children = (
				ED396FB528E6E97500BE905E /* WeatherApp___URLSessionUITests.swift */,
				ED396FB728E6E97500BE905E /* WeatherApp___URLSessionUITestsLaunchTests.swift */,
			);
			path = "WeatherApp - URLSessionUITests";
			sourceTree = "<group>";
		};
		ED396FC628E6EE0F00BE905E /* Core */ = {
			isa = PBXGroup;
			children = (
				ED396F9428E6E97400BE905E /* AppDelegate.swift */,
				ED396F9628E6E97400BE905E /* SceneDelegate.swift */,
			);
			path = Core;
			sourceTree = "<group>";
		};
/* End PBXGroup section */

/* Begin PBXNativeTarget section */
		ED396F9028E6E97400BE905E /* WeatherApp - URLSession */ = {
			isa = PBXNativeTarget;
			buildConfigurationList = ED396FBB28E6E97500BE905E /* Build configuration list for PBXNativeTarget "WeatherApp - URLSession" */;
			buildPhases = (
				ED396F8D28E6E97400BE905E /* Sources */,
				ED396F8E28E6E97400BE905E /* Frameworks */,
				ED396F8F28E6E97400BE905E /* Resources */,
			);
			buildRules = (
			);
			dependencies = (
			);
			name = "WeatherApp - URLSession";
			productName = "WeatherApp - URLSession";
			productReference = ED396F9128E6E97400BE905E /* WeatherApp - URLSession.app */;
			productType = "com.apple.product-type.application";
		};
		ED396FA628E6E97500BE905E /* WeatherApp - URLSessionTests */ = {
			isa = PBXNativeTarget;
			buildConfigurationList = ED396FBE28E6E97500BE905E /* Build configuration list for PBXNativeTarget "WeatherApp - URLSessionTests" */;
			buildPhases = (
				ED396FA328E6E97500BE905E /* Sources */,
				ED396FA428E6E97500BE905E /* Frameworks */,
				ED396FA528E6E97500BE905E /* Resources */,
			);
			buildRules = (
			);
			dependencies = (
				ED396FA928E6E97500BE905E /* PBXTargetDependency */,
			);
			name = "WeatherApp - URLSessionTests";
			productName = "WeatherApp - URLSessionTests";
			productReference = ED396FA728E6E97500BE905E /* WeatherApp - URLSessionTests.xctest */;
			productType = "com.apple.product-type.bundle.unit-test";
		};
		ED396FB028E6E97500BE905E /* WeatherApp - URLSessionUITests */ = {
			isa = PBXNativeTarget;
			buildConfigurationList = ED396FC128E6E97500BE905E /* Build configuration list for PBXNativeTarget "WeatherApp - URLSessionUITests" */;
			buildPhases = (
				ED396FAD28E6E97500BE905E /* Sources */,
				ED396FAE28E6E97500BE905E /* Frameworks */,
				ED396FAF28E6E97500BE905E /* Resources */,
			);
			buildRules = (
			);
			dependencies = (
				ED396FB328E6E97500BE905E /* PBXTargetDependency */,
			);
			name = "WeatherApp - URLSessionUITests";
			productName = "WeatherApp - URLSessionUITests";
			productReference = ED396FB128E6E97500BE905E /* WeatherApp - URLSessionUITests.xctest */;
			productType = "com.apple.product-type.bundle.ui-testing";
		};
/* End PBXNativeTarget section */

/* Begin PBXProject section */
		ED396F8928E6E97400BE905E /* Project object */ = {
			isa = PBXProject;
			attributes = {
				BuildIndependentTargetsInParallel = 1;
				LastSwiftUpdateCheck = 1400;
				LastUpgradeCheck = 1400;
				TargetAttributes = {
					ED396F9028E6E97400BE905E = {
						CreatedOnToolsVersion = 14.0.1;
					};
					ED396FA628E6E97500BE905E = {
						CreatedOnToolsVersion = 14.0.1;
						TestTargetID = ED396F9028E6E97400BE905E;
					};
					ED396FB028E6E97500BE905E = {
						CreatedOnToolsVersion = 14.0.1;
						TestTargetID = ED396F9028E6E97400BE905E;
					};
				};
			};
			buildConfigurationList = ED396F8C28E6E97400BE905E /* Build configuration list for PBXProject "WeatherApp - URLSession" */;
			compatibilityVersion = "Xcode 14.0";
			developmentRegion = en;
			hasScannedForEncodings = 0;
			knownRegions = (
				en,
				Base,
			);
			mainGroup = ED396F8828E6E97400BE905E;
			productRefGroup = ED396F9228E6E97400BE905E /* Products */;
			projectDirPath = "";
			projectRoot = "";
			targets = (
				ED396F9028E6E97400BE905E /* WeatherApp - URLSession */,
				ED396FA628E6E97500BE905E /* WeatherApp - URLSessionTests */,
				ED396FB028E6E97500BE905E /* WeatherApp - URLSessionUITests */,
			);
		};
/* End PBXProject section */

/* Begin PBXResourcesBuildPhase section */
		ED396F8F28E6E97400BE905E /* Resources */ = {
			isa = PBXResourcesBuildPhase;
			buildActionMask = 2147483647;
			files = (
				ED396FA128E6E97500BE905E /* LaunchScreen.storyboard in Resources */,
				ED396F9E28E6E97500BE905E /* Assets.xcassets in Resources */,
				ED396F9C28E6E97400BE905E /* Main.storyboard in Resources */,
			);
			runOnlyForDeploymentPostprocessing = 0;
		};
		ED396FA528E6E97500BE905E /* Resources */ = {
			isa = PBXResourcesBuildPhase;
			buildActionMask = 2147483647;
			files = (
			);
			runOnlyForDeploymentPostprocessing = 0;
		};
		ED396FAF28E6E97500BE905E /* Resources */ = {
			isa = PBXResourcesBuildPhase;
			buildActionMask = 2147483647;
			files = (
			);
			runOnlyForDeploymentPostprocessing = 0;
		};
/* End PBXResourcesBuildPhase section */

/* Begin PBXSourcesBuildPhase section */
		ED396F8D28E6E97400BE905E /* Sources */ = {
			isa = PBXSourcesBuildPhase;
			buildActionMask = 2147483647;
			files = (
				ED396F9528E6E97400BE905E /* AppDelegate.swift in Sources */,
				ED396FC528E6EC5B00BE905E /* WeatherViewController.swift in Sources */,
				ED396F9728E6E97400BE905E /* SceneDelegate.swift in Sources */,
			);
			runOnlyForDeploymentPostprocessing = 0;
		};
		ED396FA328E6E97500BE905E /* Sources */ = {
			isa = PBXSourcesBuildPhase;
			buildActionMask = 2147483647;
			files = (
				ED396FAC28E6E97500BE905E /* WeatherApp___URLSessionTests.swift in Sources */,
			);
			runOnlyForDeploymentPostprocessing = 0;
		};
		ED396FAD28E6E97500BE905E /* Sources */ = {
			isa = PBXSourcesBuildPhase;
			buildActionMask = 2147483647;
			files = (
				ED396FB828E6E97500BE905E /* WeatherApp___URLSessionUITestsLaunchTests.swift in Sources */,
				ED396FB628E6E97500BE905E /* WeatherApp___URLSessionUITests.swift in Sources */,
			);
			runOnlyForDeploymentPostprocessing = 0;
		};
/* End PBXSourcesBuildPhase section */

/* Begin PBXTargetDependency section */
		ED396FA928E6E97500BE905E /* PBXTargetDependency */ = {
			isa = PBXTargetDependency;
			target = ED396F9028E6E97400BE905E /* WeatherApp - URLSession */;
			targetProxy = ED396FA828E6E97500BE905E /* PBXContainerItemProxy */;
		};
		ED396FB328E6E97500BE905E /* PBXTargetDependency */ = {
			isa = PBXTargetDependency;
			target = ED396F9028E6E97400BE905E /* WeatherApp - URLSession */;
			targetProxy = ED396FB228E6E97500BE905E /* PBXContainerItemProxy */;
		};
/* End PBXTargetDependency section */

/* Begin PBXVariantGroup section */
		ED396F9A28E6E97400BE905E /* Main.storyboard */ = {
			isa = PBXVariantGroup;
			children = (
				ED396F9B28E6E97400BE905E /* Base */,
			);
			name = Main.storyboard;
			sourceTree = "<group>";
		};
		ED396F9F28E6E97500BE905E /* LaunchScreen.storyboard */ = {
			isa = PBXVariantGroup;
			children = (
				ED396FA028E6E97500BE905E /* Base */,
			);
			name = LaunchScreen.storyboard;
			sourceTree = "<group>";
		};
/* End PBXVariantGroup section */

/* Begin XCBuildConfiguration section */
		ED396FB928E6E97500BE905E /* Debug */ = {
			isa = XCBuildConfiguration;
			buildSettings = {
				ALWAYS_SEARCH_USER_PATHS = NO;
				CLANG_ANALYZER_NONNULL = YES;
				CLANG_ANALYZER_NUMBER_OBJECT_CONVERSION = YES_AGGRESSIVE;
				CLANG_CXX_LANGUAGE_STANDARD = "gnu++20";
				CLANG_ENABLE_MODULES = YES;
				CLANG_ENABLE_OBJC_ARC = YES;
				CLANG_ENABLE_OBJC_WEAK = YES;
				CLANG_WARN_BLOCK_CAPTURE_AUTORELEASING = YES;
				CLANG_WARN_BOOL_CONVERSION = YES;
				CLANG_WARN_COMMA = YES;
				CLANG_WARN_CONSTANT_CONVERSION = YES;
				CLANG_WARN_DEPRECATED_OBJC_IMPLEMENTATIONS = YES;
				CLANG_WARN_DIRECT_OBJC_ISA_USAGE = YES_ERROR;
				CLANG_WARN_DOCUMENTATION_COMMENTS = YES;
				CLANG_WARN_EMPTY_BODY = YES;
				CLANG_WARN_ENUM_CONVERSION = YES;
				CLANG_WARN_INFINITE_RECURSION = YES;
				CLANG_WARN_INT_CONVERSION = YES;
				CLANG_WARN_NON_LITERAL_NULL_CONVERSION = YES;
				CLANG_WARN_OBJC_IMPLICIT_RETAIN_SELF = YES;
				CLANG_WARN_OBJC_LITERAL_CONVERSION = YES;
				CLANG_WARN_OBJC_ROOT_CLASS = YES_ERROR;
				CLANG_WARN_QUOTED_INCLUDE_IN_FRAMEWORK_HEADER = YES;
				CLANG_WARN_RANGE_LOOP_ANALYSIS = YES;
				CLANG_WARN_STRICT_PROTOTYPES = YES;
				CLANG_WARN_SUSPICIOUS_MOVE = YES;
				CLANG_WARN_UNGUARDED_AVAILABILITY = YES_AGGRESSIVE;
				CLANG_WARN_UNREACHABLE_CODE = YES;
				CLANG_WARN__DUPLICATE_METHOD_MATCH = YES;
				COPY_PHASE_STRIP = NO;
				DEBUG_INFORMATION_FORMAT = dwarf;
				ENABLE_STRICT_OBJC_MSGSEND = YES;
				ENABLE_TESTABILITY = YES;
				GCC_C_LANGUAGE_STANDARD = gnu11;
				GCC_DYNAMIC_NO_PIC = NO;
				GCC_NO_COMMON_BLOCKS = YES;
				GCC_OPTIMIZATION_LEVEL = 0;
				GCC_PREPROCESSOR_DEFINITIONS = (
					"DEBUG=1",
					"$(inherited)",
				);
				GCC_WARN_64_TO_32_BIT_CONVERSION = YES;
				GCC_WARN_ABOUT_RETURN_TYPE = YES_ERROR;
				GCC_WARN_UNDECLARED_SELECTOR = YES;
				GCC_WARN_UNINITIALIZED_AUTOS = YES_AGGRESSIVE;
				GCC_WARN_UNUSED_FUNCTION = YES;
				GCC_WARN_UNUSED_VARIABLE = YES;
				IPHONEOS_DEPLOYMENT_TARGET = 16.0;
				MTL_ENABLE_DEBUG_INFO = INCLUDE_SOURCE;
				MTL_FAST_MATH = YES;
				ONLY_ACTIVE_ARCH = YES;
				SDKROOT = iphoneos;
				SWIFT_ACTIVE_COMPILATION_CONDITIONS = DEBUG;
				SWIFT_OPTIMIZATION_LEVEL = "-Onone";
			};
			name = Debug;
		};
		ED396FBA28E6E97500BE905E /* Release */ = {
			isa = XCBuildConfiguration;
			buildSettings = {
				ALWAYS_SEARCH_USER_PATHS = NO;
				CLANG_ANALYZER_NONNULL = YES;
				CLANG_ANALYZER_NUMBER_OBJECT_CONVERSION = YES_AGGRESSIVE;
				CLANG_CXX_LANGUAGE_STANDARD = "gnu++20";
				CLANG_ENABLE_MODULES = YES;
				CLANG_ENABLE_OBJC_ARC = YES;
				CLANG_ENABLE_OBJC_WEAK = YES;
				CLANG_WARN_BLOCK_CAPTURE_AUTORELEASING = YES;
				CLANG_WARN_BOOL_CONVERSION = YES;
				CLANG_WARN_COMMA = YES;
				CLANG_WARN_CONSTANT_CONVERSION = YES;
				CLANG_WARN_DEPRECATED_OBJC_IMPLEMENTATIONS = YES;
				CLANG_WARN_DIRECT_OBJC_ISA_USAGE = YES_ERROR;
				CLANG_WARN_DOCUMENTATION_COMMENTS = YES;
				CLANG_WARN_EMPTY_BODY = YES;
				CLANG_WARN_ENUM_CONVERSION = YES;
				CLANG_WARN_INFINITE_RECURSION = YES;
				CLANG_WARN_INT_CONVERSION = YES;
				CLANG_WARN_NON_LITERAL_NULL_CONVERSION = YES;
				CLANG_WARN_OBJC_IMPLICIT_RETAIN_SELF = YES;
				CLANG_WARN_OBJC_LITERAL_CONVERSION = YES;
				CLANG_WARN_OBJC_ROOT_CLASS = YES_ERROR;
				CLANG_WARN_QUOTED_INCLUDE_IN_FRAMEWORK_HEADER = YES;
				CLANG_WARN_RANGE_LOOP_ANALYSIS = YES;
				CLANG_WARN_STRICT_PROTOTYPES = YES;
				CLANG_WARN_SUSPICIOUS_MOVE = YES;
				CLANG_WARN_UNGUARDED_AVAILABILITY = YES_AGGRESSIVE;
				CLANG_WARN_UNREACHABLE_CODE = YES;
				CLANG_WARN__DUPLICATE_METHOD_MATCH = YES;
				COPY_PHASE_STRIP = NO;
				DEBUG_INFORMATION_FORMAT = "dwarf-with-dsym";
				ENABLE_NS_ASSERTIONS = NO;
				ENABLE_STRICT_OBJC_MSGSEND = YES;
				GCC_C_LANGUAGE_STANDARD = gnu11;
				GCC_NO_COMMON_BLOCKS = YES;
				GCC_WARN_64_TO_32_BIT_CONVERSION = YES;
				GCC_WARN_ABOUT_RETURN_TYPE = YES_ERROR;
				GCC_WARN_UNDECLARED_SELECTOR = YES;
				GCC_WARN_UNINITIALIZED_AUTOS = YES_AGGRESSIVE;
				GCC_WARN_UNUSED_FUNCTION = YES;
				GCC_WARN_UNUSED_VARIABLE = YES;
				IPHONEOS_DEPLOYMENT_TARGET = 16.0;
				MTL_ENABLE_DEBUG_INFO = NO;
				MTL_FAST_MATH = YES;
				SDKROOT = iphoneos;
				SWIFT_COMPILATION_MODE = wholemodule;
				SWIFT_OPTIMIZATION_LEVEL = "-O";
				VALIDATE_PRODUCT = YES;
			};
			name = Release;
		};
		ED396FBC28E6E97500BE905E /* Debug */ = {
			isa = XCBuildConfiguration;
			buildSettings = {
				ASSETCATALOG_COMPILER_APPICON_NAME = AppIcon;
				ASSETCATALOG_COMPILER_GLOBAL_ACCENT_COLOR_NAME = AccentColor;
				CODE_SIGN_STYLE = Automatic;
				CURRENT_PROJECT_VERSION = 1;
				GENERATE_INFOPLIST_FILE = YES;
				INFOPLIST_FILE = "WeatherApp - URLSession/Info.plist";
				INFOPLIST_KEY_UIApplicationSupportsIndirectInputEvents = YES;
				INFOPLIST_KEY_UILaunchStoryboardName = LaunchScreen;
				INFOPLIST_KEY_UIMainStoryboardFile = Main;
				INFOPLIST_KEY_UISupportedInterfaceOrientations_iPad = "UIInterfaceOrientationPortrait UIInterfaceOrientationPortraitUpsideDown UIInterfaceOrientationLandscapeLeft UIInterfaceOrientationLandscapeRight";
				INFOPLIST_KEY_UISupportedInterfaceOrientations_iPhone = "UIInterfaceOrientationPortrait UIInterfaceOrientationLandscapeLeft UIInterfaceOrientationLandscapeRight";
				LD_RUNPATH_SEARCH_PATHS = (
					"$(inherited)",
					"@executable_path/Frameworks",
				);
				MARKETING_VERSION = 1.0;
				PRODUCT_BUNDLE_IDENTIFIER = "bugraozugurlu.WeatherApp---URLSession";
				PRODUCT_NAME = "$(TARGET_NAME)";
				SWIFT_EMIT_LOC_STRINGS = YES;
				SWIFT_VERSION = 5.0;
				TARGETED_DEVICE_FAMILY = "1,2";
			};
			name = Debug;
		};
		ED396FBD28E6E97500BE905E /* Release */ = {
			isa = XCBuildConfiguration;
			buildSettings = {
				ASSETCATALOG_COMPILER_APPICON_NAME = AppIcon;
				ASSETCATALOG_COMPILER_GLOBAL_ACCENT_COLOR_NAME = AccentColor;
				CODE_SIGN_STYLE = Automatic;
				CURRENT_PROJECT_VERSION = 1;
				GENERATE_INFOPLIST_FILE = YES;
				INFOPLIST_FILE = "WeatherApp - URLSession/Info.plist";
				INFOPLIST_KEY_UIApplicationSupportsIndirectInputEvents = YES;
				INFOPLIST_KEY_UILaunchStoryboardName = LaunchScreen;
				INFOPLIST_KEY_UIMainStoryboardFile = Main;
				INFOPLIST_KEY_UISupportedInterfaceOrientations_iPad = "UIInterfaceOrientationPortrait UIInterfaceOrientationPortraitUpsideDown UIInterfaceOrientationLandscapeLeft UIInterfaceOrientationLandscapeRight";
				INFOPLIST_KEY_UISupportedInterfaceOrientations_iPhone = "UIInterfaceOrientationPortrait UIInterfaceOrientationLandscapeLeft UIInterfaceOrientationLandscapeRight";
				LD_RUNPATH_SEARCH_PATHS = (
					"$(inherited)",
					"@executable_path/Frameworks",
				);
				MARKETING_VERSION = 1.0;
				PRODUCT_BUNDLE_IDENTIFIER = "bugraozugurlu.WeatherApp---URLSession";
				PRODUCT_NAME = "$(TARGET_NAME)";
				SWIFT_EMIT_LOC_STRINGS = YES;
				SWIFT_VERSION = 5.0;
				TARGETED_DEVICE_FAMILY = "1,2";
			};
			name = Release;
		};
		ED396FBF28E6E97500BE905E /* Debug */ = {
			isa = XCBuildConfiguration;
			buildSettings = {
				ALWAYS_EMBED_SWIFT_STANDARD_LIBRARIES = YES;
				BUNDLE_LOADER = "$(TEST_HOST)";
				CODE_SIGN_STYLE = Automatic;
				CURRENT_PROJECT_VERSION = 1;
				GENERATE_INFOPLIST_FILE = YES;
				IPHONEOS_DEPLOYMENT_TARGET = 16.0;
				MARKETING_VERSION = 1.0;
				PRODUCT_BUNDLE_IDENTIFIER = "bugraozugurlu.WeatherApp---URLSessionTests";
				PRODUCT_NAME = "$(TARGET_NAME)";
				SWIFT_EMIT_LOC_STRINGS = NO;
				SWIFT_VERSION = 5.0;
				TARGETED_DEVICE_FAMILY = "1,2";
				TEST_HOST = "$(BUILT_PRODUCTS_DIR)/WeatherApp - URLSession.app/$(BUNDLE_EXECUTABLE_FOLDER_PATH)/WeatherApp - URLSession";
			};
			name = Debug;
		};
		ED396FC028E6E97500BE905E /* Release */ = {
			isa = XCBuildConfiguration;
			buildSettings = {
				ALWAYS_EMBED_SWIFT_STANDARD_LIBRARIES = YES;
				BUNDLE_LOADER = "$(TEST_HOST)";
				CODE_SIGN_STYLE = Automatic;
				CURRENT_PROJECT_VERSION = 1;
				GENERATE_INFOPLIST_FILE = YES;
				IPHONEOS_DEPLOYMENT_TARGET = 16.0;
				MARKETING_VERSION = 1.0;
				PRODUCT_BUNDLE_IDENTIFIER = "bugraozugurlu.WeatherApp---URLSessionTests";
				PRODUCT_NAME = "$(TARGET_NAME)";
				SWIFT_EMIT_LOC_STRINGS = NO;
				SWIFT_VERSION = 5.0;
				TARGETED_DEVICE_FAMILY = "1,2";
				TEST_HOST = "$(BUILT_PRODUCTS_DIR)/WeatherApp - URLSession.app/$(BUNDLE_EXECUTABLE_FOLDER_PATH)/WeatherApp - URLSession";
			};
			name = Release;
		};
		ED396FC228E6E97500BE905E /* Debug */ = {
			isa = XCBuildConfiguration;
			buildSettings = {
				ALWAYS_EMBED_SWIFT_STANDARD_LIBRARIES = YES;
				CODE_SIGN_STYLE = Automatic;
				CURRENT_PROJECT_VERSION = 1;
				GENERATE_INFOPLIST_FILE = YES;
				MARKETING_VERSION = 1.0;
				PRODUCT_BUNDLE_IDENTIFIER = "bugraozugurlu.WeatherApp---URLSessionUITests";
				PRODUCT_NAME = "$(TARGET_NAME)";
				SWIFT_EMIT_LOC_STRINGS = NO;
				SWIFT_VERSION = 5.0;
				TARGETED_DEVICE_FAMILY = "1,2";
				TEST_TARGET_NAME = "WeatherApp - URLSession";
			};
			name = Debug;
		};
		ED396FC328E6E97500BE905E /* Release */ = {
			isa = XCBuildConfiguration;
			buildSettings = {
				ALWAYS_EMBED_SWIFT_STANDARD_LIBRARIES = YES;
				CODE_SIGN_STYLE = Automatic;
				CURRENT_PROJECT_VERSION = 1;
				GENERATE_INFOPLIST_FILE = YES;
				MARKETING_VERSION = 1.0;
				PRODUCT_BUNDLE_IDENTIFIER = "bugraozugurlu.WeatherApp---URLSessionUITests";
				PRODUCT_NAME = "$(TARGET_NAME)";
				SWIFT_EMIT_LOC_STRINGS = NO;
				SWIFT_VERSION = 5.0;
				TARGETED_DEVICE_FAMILY = "1,2";
				TEST_TARGET_NAME = "WeatherApp - URLSession";
			};
			name = Release;
		};
/* End XCBuildConfiguration section */

/* Begin XCConfigurationList section */
		ED396F8C28E6E97400BE905E /* Build configuration list for PBXProject "WeatherApp - URLSession" */ = {
			isa = XCConfigurationList;
			buildConfigurations = (
				ED396FB928E6E97500BE905E /* Debug */,
				ED396FBA28E6E97500BE905E /* Release */,
			);
			defaultConfigurationIsVisible = 0;
			defaultConfigurationName = Release;
		};
		ED396FBB28E6E97500BE905E /* Build configuration list for PBXNativeTarget "WeatherApp - URLSession" */ = {
			isa = XCConfigurationList;
			buildConfigurations = (
				ED396FBC28E6E97500BE905E /* Debug */,
				ED396FBD28E6E97500BE905E /* Release */,
			);
			defaultConfigurationIsVisible = 0;
			defaultConfigurationName = Release;
		};
		ED396FBE28E6E97500BE905E /* Build configuration list for PBXNativeTarget "WeatherApp - URLSessionTests" */ = {
			isa = XCConfigurationList;
			buildConfigurations = (
				ED396FBF28E6E97500BE905E /* Debug */,
				ED396FC028E6E97500BE905E /* Release */,
			);
			defaultConfigurationIsVisible = 0;
			defaultConfigurationName = Release;
		};
		ED396FC128E6E97500BE905E /* Build configuration list for PBXNativeTarget "WeatherApp - URLSessionUITests" */ = {
			isa = XCConfigurationList;
			buildConfigurations = (
				ED396FC228E6E97500BE905E /* Debug */,
				ED396FC328E6E97500BE905E /* Release */,
			);
			defaultConfigurationIsVisible = 0;
			defaultConfigurationName = Release;
		};
/* End XCConfigurationList section */
	};
	rootObject = ED396F8928E6E97400BE905E /* Project object */;
}
